lockfileVersion: '9.0'

settings:
  autoInstallPeers: true
  excludeLinksFromLockfile: false

importers:

  .:
    dependencies:
      '@hpke/chacha20poly1305':
        specifier: ^1.6.2
        version: 1.6.2
      '@hpke/core':
        specifier: ^1.7.2
        version: 1.7.2
      '@hpke/dhkem-x25519':
        specifier: ^1.6.2
        version: 1.6.2

packages:

  '@hpke/chacha20poly1305@1.6.2':
    resolution: {integrity: sha512-LAzcHlX+GfrVqwjx+EqqHmEdkzE5YYIlzZz4Q1uN2Keq81iOB9IveJpufhsbyB1zw7W5/Y4gJ6dfAZq4gFO/sA==}
    engines: {node: '>=16.0.0'}

  '@hpke/common@1.7.3':
    resolution: {integrity: sha512-6wbbjlOPWZb2MnBETFNJRMcnEcB8jXMnjepGUs8412xEQX2Prds1n1yibvaxwUmQiKsHvjkGX+vTlWjqiiSiKw==}
    engines: {node: '>=16.0.0'}

  '@hpke/core@1.7.2':
    resolution: {integrity: sha512-WPsy/Wp1oF+47EVfQdXG55TGS+rOKAAZJ4W/4BFnTENGGq/EAJeX1h0ooCarkqWrJsREsrpa4EiIZkz1m8hMOA==}
    engines: {node: '>=16.0.0'}

  '@hpke/dhkem-x25519@1.6.2':
    resolution: {integrity: sha512-xL//FDIY0ai3/JZyr3UI/jaw8eLEcs+SU7Z9K5uxO8R4xzvwOfGajI4VE9GH+QXGMrHncQDLIDPX9pcdqkGSvQ==}
    engines: {node: '>=16.0.0'}

  '@noble/ciphers@1.3.0':
    resolution: {integrity: sha512-2I0gnIVPtfnMw9ee9h1dJG7tp81+8Ob3OJb3Mv37rx5L40/b0i7djjCVvGOVqc9AEIQyvyu1i6ypKdFw8R8gQw==}
    engines: {node: ^14.21.3 || >=16}

  '@noble/curves@1.9.2':
    resolution: {integrity: sha512-HxngEd2XUcg9xi20JkwlLCtYwfoFw4JGkuZpT+WlsPD4gB/cxkvTD8fSsoAnphGZhFdZYKeQIPCuFlWPm1uE0g==}
    engines: {node: ^14.21.3 || >=16}

  '@noble/hashes@1.8.0':
    resolution: {integrity: sha512-jCs9ldd7NwzpgXDIf6P3+NrHh9/sD6CQdxHyjQI+h/6rDNo88ypBxxz45UDuZHz9r3tNz7N/VInSVoVdtXEI4A==}
    engines: {node: ^14.21.3 || >=16}

snapshots:

  '@hpke/chacha20poly1305@1.6.2':
    dependencies:
      '@hpke/common': 1.7.3
      '@noble/ciphers': 1.3.0

  '@hpke/common@1.7.3': {}

  '@hpke/core@1.7.2':
    dependencies:
      '@hpke/common': 1.7.3

  '@hpke/dhkem-x25519@1.6.2':
    dependencies:
      '@hpke/common': 1.7.3
      '@noble/curves': 1.9.2
      '@noble/hashes': 1.8.0

  '@noble/ciphers@1.3.0': {}

  '@noble/curves@1.9.2':
    dependencies:
      '@noble/hashes': 1.8.0

  '@noble/hashes@1.8.0': {}
